name: Generate pnpm lockfile

on:
  workflow_dispatch:

permissions:
  contents: write

jobs:
  lockfile:
    runs-on: ubuntu-latest
    steps:
      - name: Checkout
        uses: actions/checkout@v4

      - name: Setup Node
        uses: actions/setup-node@v4
        with:
          node-version: "20"

      - name: Enable pnpm via corepack
        run: |
          corepack enable
          corepack prepare pnpm@9.15.3 --activate

      - name: Install dependencies (creates pnpm-lock.yaml)
        run: pnpm install

      - name: Commit pnpm-lock.yaml
        run: |
          git config user.name "github-actions[bot]"
          git config user.email "github-actions[bot]@users.noreply.github.com"
          git add pnpm-lock.yaml
          git commit -m "Add pnpm-lock.yaml" || echo "No changes to commit"
          git push
